
Microsoft Visual Studio Solution File, Format Version 12.00
# Visual Studio 15
VisualStudioVersion = 15.0.28307.1022
MinimumVisualStudioVersion = 10.0.40219.1
Project("{FAE04EC0-301F-11D3-BF4B-00C04F79EFBC}") = "MainProgram", "MainProgram\MainProgram.csproj", "{19676BEF-A940-42DD-8A7F-BA65A83AFB80}"
EndProject
Global
	GlobalSection(SolutionConfigurationPlatforms) = preSolution
		Debug|Any CPU = Debug|Any CPU
		Release|Any CPU = Release|Any CPU
	EndGlobalSection
	GlobalSection(ProjectConfigurationPlatforms) = postSolution
		{19676BEF-A940-42DD-8A7F-BA65A83AFB80}.Debug|Any CPU.ActiveCfg = Debug|Any CPU
		{19676BEF-A940-42DD-8A7F-BA65A83AFB80}.Debug|Any CPU.Build.0 = Debug|Any CPU
		{19676BEF-A940-42DD-8A7F-BA65A83AFB80}.Release|Any CPU.ActiveCfg = Release|Any CPU
		{19676BEF-A940-42DD-8A7F-BA65A83AFB80}.Release|Any CPU.Build.0 = Release|Any CPU
	EndGlobalSection
	GlobalSection(SolutionProperties) = preSolution
		HideSolutionNode = FALSE
	EndGlobalSection
	GlobalSection(ExtensibilityGlobals) = postSolution
		SolutionGuid = {09AF0DD1-2BF3-4C90-BA2E-F056720C7CA4}
	EndGlobalSection
EndGlobal
